
Microsoft Visual Studio Solution File, Format Version 12.00
# Visual Studio Version 17
VisualStudioVersion = 17.3.32825.248
MinimumVisualStudioVersion = 10.0.40219.1
Project("{54A90642-561A-4BB1-A94E-469ADEE60C69}") = "SimpleAngularSample", "SimpleAngularSample.esproj", "{47F727D8-ED2E-4780-B405-04E237C02D41}"
EndProject
Global
	GlobalSection(SolutionConfigurationPlatforms) = preSolution
		Debug|Any CPU = Debug|Any CPU
		Release|Any CPU = Release|Any CPU
	EndGlobalSection
	GlobalSection(ProjectConfigurationPlatforms) = postSolution
		{47F727D8-ED2E-4780-B405-04E237C02D41}.Debug|Any CPU.ActiveCfg = Debug|Any CPU
		{47F727D8-ED2E-4780-B405-04E237C02D41}.Debug|Any CPU.Build.0 = Debug|Any CPU
		{47F727D8-ED2E-4780-B405-04E237C02D41}.Debug|Any CPU.Deploy.0 = Debug|Any CPU
		{47F727D8-ED2E-4780-B405-04E237C02D41}.Release|Any CPU.ActiveCfg = Release|Any CPU
		{47F727D8-ED2E-4780-B405-04E237C02D41}.Release|Any CPU.Build.0 = Release|Any CPU
		{47F727D8-ED2E-4780-B405-04E237C02D41}.Release|Any CPU.Deploy.0 = Release|Any CPU
	EndGlobalSection
	GlobalSection(SolutionProperties) = preSolution
		HideSolutionNode = FALSE
	EndGlobalSection
	GlobalSection(ExtensibilityGlobals) = postSolution
		SolutionGuid = {123E6B86-EE74-45F1-BC1F-5A011485F6F6}
	EndGlobalSection
EndGlobal
